{
  "version": 4,
  "terraform_version": "1.9.5",
  "serial": 5,
  "lineage": "1553990b-fe54-517a-6a8f-a6c8c82522d0",
  "outputs": {},
  "resources": [
    {
      "mode": "data",
      "type": "yandex_compute_image",
      "name": "ubuntu_image",
      "provider": "provider[\"registry.terraform.io/yandex-cloud/yandex\"]",
      "instances": [
        {
          "schema_version": 0,
          "attributes": {
            "created_at": "2024-12-04T15:18:29Z",
            "description": "ubuntu 20.04 lts",
            "family": "ubuntu-2004-lts",
            "folder_id": "standard-images",
            "hardware_generation": [
              {
                "generation2_features": [],
                "legacy_features": [
                  {
                    "pci_topology": "PCI_TOPOLOGY_V2"
                  }
                ]
              }
            ],
            "id": "fd8scebbigbod4bj5ema",
            "image_id": "fd8scebbigbod4bj5ema",
            "labels": {},
            "min_disk_size": 5,
            "name": "ubuntu-20-04-lts-v20241204",
            "os_type": "linux",
            "pooled": true,
            "product_ids": [
              "f2eg9bmeaj8tn9tsq8pk"
            ],
            "size": 4,
            "status": "ready"
          },
          "sensitive_attributes": []
        }
      ]
    },
    {
      "mode": "managed",
      "type": "yandex_compute_instance",
      "name": "vm-test1",
      "provider": "provider[\"registry.terraform.io/yandex-cloud/yandex\"]",
      "instances": [
        {
          "schema_version": 1,
          "attributes": {
            "allow_recreate": null,
            "allow_stopping_for_update": true,
            "boot_disk": [
              {
                "auto_delete": true,
                "device_name": "fhmgf28rjmsh8tgfg2r0",
                "disk_id": "fhmgf28rjmsh8tgfg2r0",
                "initialize_params": [
                  {
                    "block_size": 4096,
                    "description": "",
                    "image_id": "fd8scebbigbod4bj5ema",
                    "name": "",
                    "size": 75,
                    "snapshot_id": "",
                    "type": "network-hdd"
                  }
                ],
                "mode": "READ_WRITE"
              }
            ],
            "created_at": "2024-12-06T07:59:55Z",
            "description": "",
            "filesystem": [],
            "folder_id": "b1gk8b5sot87s8ri5lmc",
            "fqdn": "vm1.ru-central1.internal",
            "gpu_cluster_id": "",
            "hardware_generation": [
              {
                "generation2_features": [],
                "legacy_features": [
                  {
                    "pci_topology": "PCI_TOPOLOGY_V2"
                  }
                ]
              }
            ],
            "hostname": "vm1",
            "id": "fhmi8s9lf7gbih03n193",
            "labels": null,
            "local_disk": [],
            "maintenance_grace_period": "",
            "maintenance_policy": null,
            "metadata": {
              "user-data": "#cloud-config\nusers:\n  - name: firestin\n    groups: sudo\n    shell: /bin/bash\n    sudo: ['ALL=(ALL) NOPASSWD:ALL']\n    ssh-authorized-keys:\n      - ssh-rsa AAAAB3NzaC1yc2EAAAADAQABAAABgQCK0zPlJsuIwz1jeoDsOA9YI0UXS4xS7LHp0EnlDihRZP7Lc2WjxJ9WHoKH2RU+BVwc1Xs+m+UuSkFOdZBFUHb9LGqw9B2MMds5/9dnyo9qV5Z430Cx8iQD0PQNNdnIc5ciKkxC0dxb7fL1WWYEIaU95tkHkXAv2VXGjfic4YcvlnYB0L+ois5y8toPqAp2Owru0+Skg6rp8KWswnZgMTWZwIYvRF4woXHND/HX7BGJzaJxNTotod7NRNaT/KPWHYQmpn50rZZ0P05IDvby5WMzU2WFU6LpmwM8aebSyx5foTwL++JbjmM5Af0xLmG8/acjBly75x7Uo9mi0tk35i5MbbhtiKfUMsBFSnd2D82SWjK+cEQwwUxyfiu0poNY4APUyDXNMBSehdmHKt5dE3FV/TxzE38ySCjZBcHH8dJkuujsan7vI/j9FiyoEzR1EJ8CGrFSsAe4oUE4DlR6W7ZaYHi4/sEREdOKB190BqI80b3oNui7V+tSKQ3tqbCuTX0=\n"
            },
            "metadata_options": [
              {
                "aws_v1_http_endpoint": 1,
                "aws_v1_http_token": 2,
                "gce_http_endpoint": 1,
                "gce_http_token": 1
              }
            ],
            "name": "vm1",
            "network_acceleration_type": "standard",
            "network_interface": [
              {
                "dns_record": [],
                "index": 0,
                "ip_address": "192.168.15.26",
                "ipv4": true,
                "ipv6": false,
                "ipv6_address": "",
                "ipv6_dns_record": [],
                "mac_address": "d0:0d:12:47:13:57",
                "nat": true,
                "nat_dns_record": [],
                "nat_ip_address": "51.250.90.34",
                "nat_ip_version": "IPV4",
                "security_group_ids": [],
                "subnet_id": "e9b4lc2lq3ng6dpgcdg1"
              }
            ],
            "placement_policy": [
              {
                "host_affinity_rules": [],
                "placement_group_id": "",
                "placement_group_partition": 0
              }
            ],
            "platform_id": "standard-v1",
            "resources": [
              {
                "core_fraction": 20,
                "cores": 4,
                "gpus": 0,
                "memory": 16
              }
            ],
            "scheduling_policy": [
              {
                "preemptible": true
              }
            ],
            "secondary_disk": [],
            "service_account_id": "",
            "status": "running",
            "timeouts": null,
            "zone": "ru-central1-a"
          },
          "sensitive_attributes": [],
          "private": "eyJlMmJmYjczMC1lY2FhLTExZTYtOGY4OC0zNDM2M2JjN2M0YzAiOnsiY3JlYXRlIjozMDAwMDAwMDAwMDAsImRlbGV0ZSI6MzAwMDAwMDAwMDAwLCJ1cGRhdGUiOjMwMDAwMDAwMDAwMH0sInNjaGVtYV92ZXJzaW9uIjoiMSJ9",
          "dependencies": [
            "data.yandex_compute_image.ubuntu_image",
            "yandex_vpc_network.network_terraform",
            "yandex_vpc_subnet.subnet_terraform"
          ]
        }
      ]
    },
    {
      "mode": "managed",
      "type": "yandex_vpc_network",
      "name": "network_terraform",
      "provider": "provider[\"registry.terraform.io/yandex-cloud/yandex\"]",
      "instances": [
        {
          "schema_version": 0,
          "attributes": {
            "created_at": "2024-12-06T07:59:52Z",
            "default_security_group_id": "enpi1sfp3pb29ih2t38d",
            "description": "",
            "folder_id": "b1gk8b5sot87s8ri5lmc",
            "id": "enp2gq8fh23m20bshqen",
            "labels": {},
            "name": "network_terraform",
            "subnet_ids": [],
            "timeouts": null
          },
          "sensitive_attributes": [],
          "private": "eyJlMmJmYjczMC1lY2FhLTExZTYtOGY4OC0zNDM2M2JjN2M0YzAiOnsiY3JlYXRlIjo2MDAwMDAwMDAwMCwiZGVsZXRlIjo2MDAwMDAwMDAwMCwidXBkYXRlIjo2MDAwMDAwMDAwMH19"
        }
      ]
    },
    {
      "mode": "managed",
      "type": "yandex_vpc_subnet",
      "name": "subnet_terraform",
      "provider": "provider[\"registry.terraform.io/yandex-cloud/yandex\"]",
      "instances": [
        {
          "schema_version": 0,
          "attributes": {
            "created_at": "2024-12-06T07:59:54Z",
            "description": "",
            "dhcp_options": [],
            "folder_id": "b1gk8b5sot87s8ri5lmc",
            "id": "e9b4lc2lq3ng6dpgcdg1",
            "labels": {},
            "name": "subnet_terraform",
            "network_id": "enp2gq8fh23m20bshqen",
            "route_table_id": "",
            "timeouts": null,
            "v4_cidr_blocks": [
              "192.168.15.0/24"
            ],
            "v6_cidr_blocks": [],
            "zone": "ru-central1-a"
          },
          "sensitive_attributes": [],
          "private": "eyJlMmJmYjczMC1lY2FhLTExZTYtOGY4OC0zNDM2M2JjN2M0YzAiOnsiY3JlYXRlIjoxODAwMDAwMDAwMDAsImRlbGV0ZSI6MTgwMDAwMDAwMDAwLCJ1cGRhdGUiOjE4MDAwMDAwMDAwMH19",
          "dependencies": [
            "yandex_vpc_network.network_terraform"
          ]
        }
      ]
    }
  ],
  "check_results": null
}
